
Microsoft Visual Studio Solution File, Format Version 12.00
# Visual Studio 15
VisualStudioVersion = 15.0.26403.7
MinimumVisualStudioVersion = 10.0.40219.1
Project("{FAE04EC0-301F-11D3-BF4B-00C04F79EFBC}") = "WebServicesDemo", "WebServicesDemo\WebServicesDemo.csproj", "{424819D0-2F9F-466A-B19E-6E1A1DC15408}"
EndProject
Project("{FAE04EC0-301F-11D3-BF4B-00C04F79EFBC}") = "HelloWebClient", "HelloWebClient\HelloWebClient.csproj", "{F169C8CA-F3BE-48A8-9338-F64176857D8C}"
	ProjectSection(ProjectDependencies) = postProject
		{424819D0-2F9F-466A-B19E-6E1A1DC15408} = {424819D0-2F9F-466A-B19E-6E1A1DC15408}
	EndProjectSection
EndProject
Global
	GlobalSection(SolutionConfigurationPlatforms) = preSolution
		Debug|Any CPU = Debug|Any CPU
		Release|Any CPU = Release|Any CPU
	EndGlobalSection
	GlobalSection(ProjectConfigurationPlatforms) = postSolution
		{424819D0-2F9F-466A-B19E-6E1A1DC15408}.Debug|Any CPU.ActiveCfg = Debug|Any CPU
		{424819D0-2F9F-466A-B19E-6E1A1DC15408}.Debug|Any CPU.Build.0 = Debug|Any CPU
		{424819D0-2F9F-466A-B19E-6E1A1DC15408}.Release|Any CPU.ActiveCfg = Release|Any CPU
		{424819D0-2F9F-466A-B19E-6E1A1DC15408}.Release|Any CPU.Build.0 = Release|Any CPU
		{F169C8CA-F3BE-48A8-9338-F64176857D8C}.Debug|Any CPU.ActiveCfg = Debug|Any CPU
		{F169C8CA-F3BE-48A8-9338-F64176857D8C}.Debug|Any CPU.Build.0 = Debug|Any CPU
		{F169C8CA-F3BE-48A8-9338-F64176857D8C}.Release|Any CPU.ActiveCfg = Release|Any CPU
		{F169C8CA-F3BE-48A8-9338-F64176857D8C}.Release|Any CPU.Build.0 = Release|Any CPU
	EndGlobalSection
	GlobalSection(SolutionProperties) = preSolution
		HideSolutionNode = FALSE
	EndGlobalSection
EndGlobal
